# THIS IS AN AUTOGENERATED FILE. DO NOT EDIT THIS FILE DIRECTLY.
# yarn lockfile v1


"@napi-rs/cli@^2.16.4":
  version "2.18.3"
  resolved "https://registry.yarnpkg.com/@napi-rs/cli/-/cli-2.18.3.tgz#0f1c3cd7b757aa49cfbf52fc864d40881ee534c2"
  integrity sha512-L0f4kP0dyG8W5Qtc7MtP73VvLLrOLyRcUEBzknIfu8Jk4Jfhrsx1ItMHgyalYqMSslWdY3ojEfAaU5sx1VyeQQ==

"@swc-node/core@^1.13.1":
  version "1.13.1"
  resolved "https://registry.yarnpkg.com/@swc-node/core/-/core-1.13.1.tgz#d8f72653e8e35cc4d6b881c60aea661e728dc350"
  integrity sha512-emB5l2nZsXjUEAuusqjYvWnQMLWZp6K039Mv8aq5SX1rsNM/N7DNhw1i4/DX7AyzNZ0tT+ASWyTvqEURldp5HA==

"@swc-node/register@^1.6.8":
  version "1.9.2"
  resolved "https://registry.yarnpkg.com/@swc-node/register/-/register-1.9.2.tgz#314b86e32ed1f742d2e025d66f84c2f528082b70"
  integrity sha512-BBjg0QNuEEmJSoU/++JOXhrjWdu3PTyYeJWsvchsI0Aqtj8ICkz/DqlwtXbmZVZ5vuDPpTfFlwDBZe81zgShMA==
  dependencies:
    "@swc-node/core" "^1.13.1"
    "@swc-node/sourcemap-support" "^0.5.0"
    colorette "^2.0.20"
    debug "^4.3.4"
    pirates "^4.0.6"
    tslib "^2.6.2"

"@swc-node/sourcemap-support@^0.5.0":
  version "0.5.0"
  resolved "https://registry.yarnpkg.com/@swc-node/sourcemap-support/-/sourcemap-support-0.5.0.tgz#bf2a3e8097eb810b9137305c8cb429288a328fde"
  integrity sha512-fbhjL5G0YvFoWwNhWleuBUfotiX+USiA9oJqu9STFw+Hb0Cgnddn+HVS/K5fI45mn92e8V+cHD2jgFjk4w2T9Q==
  dependencies:
    source-map-support "^0.5.21"
    tslib "^2.6.2"

"@swc/core-darwin-arm64@1.5.28":
  version "1.5.28"
  resolved "https://registry.yarnpkg.com/@swc/core-darwin-arm64/-/core-darwin-arm64-1.5.28.tgz#b0b5a163c6bb34468f1a2307c040811e73a1b253"
  integrity sha512-sP6g63ybzIdOWNDbn51tyHN8EMt7Mb4RMeHQEsXB7wQfDvzhpWB+AbfK6Gs3Q8fwP/pmWIrWW9csKOc1K2Mmkg==

"@swc/core-darwin-x64@1.5.28":
  version "1.5.28"
  resolved "https://registry.yarnpkg.com/@swc/core-darwin-x64/-/core-darwin-x64-1.5.28.tgz#66829b4c1ab7a0dcb708c5af381b2c5b20c41291"
  integrity sha512-Bd/agp/g7QocQG5AuorOzSC78t8OzeN+pCN/QvJj1CvPhvppjJw6e1vAbOR8vO2vvGi2pvtf3polrYQStJtSiA==

"@swc/core-linux-arm-gnueabihf@1.5.28":
  version "1.5.28"
  resolved "https://registry.yarnpkg.com/@swc/core-linux-arm-gnueabihf/-/core-linux-arm-gnueabihf-1.5.28.tgz#9f85d568d81928301d633ae2ff19c916d07a2d15"
  integrity sha512-Wr3TwPGIveS9/OBWm0r9VAL8wkCR0zQn46J8K01uYCmVhUNK3Muxjs0vQBZaOrGu94mqbj9OXY+gB3W7aDvGdA==

"@swc/core-linux-arm64-gnu@1.5.28":
  version "1.5.28"
  resolved "https://registry.yarnpkg.com/@swc/core-linux-arm64-gnu/-/core-linux-arm64-gnu-1.5.28.tgz#5489cc4f7a1846e783bc85ba017306b235f97764"
  integrity sha512-8G1ZwVTuLgTAVTMPD+M97eU6WeiRIlGHwKZ5fiJHPBcz1xqIC7jQcEh7XBkobkYoU5OILotls3gzjRt8CMNyDQ==

"@swc/core-linux-arm64-musl@1.5.28":
  version "1.5.28"
  resolved "https://registry.yarnpkg.com/@swc/core-linux-arm64-musl/-/core-linux-arm64-musl-1.5.28.tgz#30894beef4b86fee461d986be2633fa978c03083"
  integrity sha512-0Ajdzb5Fzvz+XUbN5ESeHAz9aHHSYiQcm+vmsDi0TtPHmsalfnqEPZmnK0zPALPJPLQP2dDo4hELeDg3/c3xgA==

"@swc/core-linux-x64-gnu@1.5.28":
  version "1.5.28"
  resolved "https://registry.yarnpkg.com/@swc/core-linux-x64-gnu/-/core-linux-x64-gnu-1.5.28.tgz#e57aff87b9e28c9f239cdfa071dfb2f1123eefa7"
  integrity sha512-ueQ9VejnQUM2Pt+vT0IAKoF4vYBWUP6n1KHGdILpoGe3LuafQrqu7RoyQ15C7/AYii7hAeNhTFdf6gLbg8cjFg==

"@swc/core-linux-x64-musl@1.5.28":
  version "1.5.28"
  resolved "https://registry.yarnpkg.com/@swc/core-linux-x64-musl/-/core-linux-x64-musl-1.5.28.tgz#d766c396063568a18db250c7783cef7141f86d44"
  integrity sha512-G5th8Mg0az8CbY4GQt9/m5hg2Y0kGIwvQBeVACuLQB6q2Y4txzdiTpjmFqUUhEvvl7Klyx1IHvNhfXs3zpt7PA==

"@swc/core-win32-arm64-msvc@1.5.28":
  version "1.5.28"
  resolved "https://registry.yarnpkg.com/@swc/core-win32-arm64-msvc/-/core-win32-arm64-msvc-1.5.28.tgz#aebb03f89e00d0381d7586d34374d909525975f1"
  integrity sha512-JezwCGavZ7CkNXx4yInI4kpb71L0zxzxA9BFlmnsGKEEjVQcKc3hFpmIzfFVs+eotlBUwDNb0+Yo9m6Cb7lllA==

"@swc/core-win32-ia32-msvc@1.5.28":
  version "1.5.28"
  resolved "https://registry.yarnpkg.com/@swc/core-win32-ia32-msvc/-/core-win32-ia32-msvc-1.5.28.tgz#37d2698c51001d129fa7380728673911c90b58bc"
  integrity sha512-q8tW5J4RkOkl7vYShnWS//VAb2Ngolfm9WOMaF2GRJUr2Y/Xeb/+cNjdsNOqea2BzW049D5vdP7XPmir3/zUZw==

"@swc/core-win32-x64-msvc@1.5.28":
  version "1.5.28"
  resolved "https://registry.yarnpkg.com/@swc/core-win32-x64-msvc/-/core-win32-x64-msvc-1.5.28.tgz#57c9f955215e0103fe8a60994bdf256a3b6dc31d"
  integrity sha512-jap6EiB3wG1YE1hyhNr9KLPpH4PGm+5tVMfN0l7fgKtV0ikgpcEN/YF94tru+z5m2HovqYW009+Evq9dcVGmpg==

"@swc/core@^1.3.95":
  version "1.5.28"
  resolved "https://registry.yarnpkg.com/@swc/core/-/core-1.5.28.tgz#cba572d6a205cc3efa20b38935cad631d6ba2deb"
  integrity sha512-muCdNIqOTURUgYeyyOLYE3ShL8SZO6dw6bhRm6dCvxWzCZOncPc5fB0kjcPXTML+9KJoHL7ks5xg+vsQK+v6ig==
  dependencies:
    "@swc/counter" "^0.1.3"
    "@swc/types" "^0.1.8"
  optionalDependencies:
    "@swc/core-darwin-arm64" "1.5.28"
    "@swc/core-darwin-x64" "1.5.28"
    "@swc/core-linux-arm-gnueabihf" "1.5.28"
    "@swc/core-linux-arm64-gnu" "1.5.28"
    "@swc/core-linux-arm64-musl" "1.5.28"
    "@swc/core-linux-x64-gnu" "1.5.28"
    "@swc/core-linux-x64-musl" "1.5.28"
    "@swc/core-win32-arm64-msvc" "1.5.28"
    "@swc/core-win32-ia32-msvc" "1.5.28"
    "@swc/core-win32-x64-msvc" "1.5.28"

"@swc/counter@^0.1.3":
  version "0.1.3"
  resolved "https://registry.yarnpkg.com/@swc/counter/-/counter-0.1.3.tgz#cc7463bd02949611c6329596fccd2b0ec782b0e9"
  integrity sha512-e2BR4lsJkkRlKZ/qCHPw9ZaSxc0MVUd7gtbtaB7aMvHeJVYe8sOB8DBZkP2DtISHGSku9sCK6T6cnY0CtXrOCQ==

"@swc/types@^0.1.8":
  version "0.1.8"
  resolved "https://registry.yarnpkg.com/@swc/types/-/types-0.1.8.tgz#2c81d107c86cfbd0c3a05ecf7bb54c50dfa58a95"
  integrity sha512-RNFA3+7OJFNYY78x0FYwi1Ow+iF1eF5WvmfY1nXPOEH4R2p/D4Cr1vzje7dNAI2aLFqpv8Wyz4oKSWqIZArpQA==
  dependencies:
    "@swc/counter" "^0.1.3"

ansi-styles@^6.2.1:
  version "6.2.1"
  resolved "https://registry.yarnpkg.com/ansi-styles/-/ansi-styles-6.2.1.tgz#0e62320cf99c21afff3b3012192546aacbfb05c5"
  integrity sha512-bN798gFfQX+viw3R7yrGWRqnrN2oRkEkUjjl4JNn4E8GxxbjtG3FbrEIIY3l8/hrwUwIeCZvi4QuOTP4MErVug==

balanced-match@^1.0.0:
  version "1.0.2"
  resolved "https://registry.yarnpkg.com/balanced-match/-/balanced-match-1.0.2.tgz#e83e3a7e3f300b34cb9d87f615fa0cbf357690ee"
  integrity sha512-3oSeUO0TMV67hN1AmbXsK4yaqU7tjiHlbxRDZOpH0KW9+CeX4bRAaX0Anxt0tx2MrpRpWwQaPwIlISEJhYU5Pw==

brace-expansion@^2.0.1:
  version "2.0.1"
  resolved "https://registry.yarnpkg.com/brace-expansion/-/brace-expansion-2.0.1.tgz#1edc459e0f0c548486ecf9fc99f2221364b9a0ae"
  integrity sha512-XnAIvQ8eM+kC6aULx6wuQiwVsnzsi9d3WxzV3FpWTGA19F621kwdbsAcFKXgKUHZWsy+mY6iL1sHTxWEFCytDA==
  dependencies:
    balanced-match "^1.0.0"

buffer-from@^1.0.0:
  version "1.1.2"
  resolved "https://registry.yarnpkg.com/buffer-from/-/buffer-from-1.1.2.tgz#2b146a6fd72e80b4f55d255f35ed59a3a9a41bd5"
  integrity sha512-E+XQCRwSbaaiChtv6k6Dwgc+bx+Bs6vuKJHHl5kox/BaKbhiXzqQOwK4cO22yElGp2OCmjwVhT3HmxgyPGnJfQ==

chalk@^5.3.0:
  version "5.3.0"
  resolved "https://registry.yarnpkg.com/chalk/-/chalk-5.3.0.tgz#67c20a7ebef70e7f3970a01f90fa210cb6860385"
  integrity sha512-dLitG79d+GV1Nb/VYcCDFivJeK1hiukt9QjRNVOsUtTy1rR1YJsmpGGTZ3qJos+uw7WmWF4wUwBd9jxjocFC2w==

colorette@^2.0.20:
  version "2.0.20"
  resolved "https://registry.yarnpkg.com/colorette/-/colorette-2.0.20.tgz#9eb793e6833067f7235902fcd3b09917a000a95a"
  integrity sha512-IfEDxwoWIjkeXL1eXcDiow4UbKjhLdq6/EuSVR9GMN7KVH3r9gQ83e73hsz1Nd1T3ijd5xv1wcWRYO+D6kCI2w==

cross-spawn@^7.0.3:
  version "7.0.3"
  resolved "https://registry.yarnpkg.com/cross-spawn/-/cross-spawn-7.0.3.tgz#f73a85b9d5d41d045551c177e2882d4ac85728a6"
  integrity sha512-iRDPJKUPVEND7dHPO8rkbOnPpyDygcDFtWjpeWNCgy8WP2rXcxXL8TskReQl6OrB2G7+UJrags1q15Fudc7G6w==
  dependencies:
    path-key "^3.1.0"
    shebang-command "^2.0.0"
    which "^2.0.1"

debug@^4.3.4:
  version "4.3.5"
  resolved "https://registry.yarnpkg.com/debug/-/debug-4.3.5.tgz#e83444eceb9fedd4a1da56d671ae2446a01a6e1e"
  integrity sha512-pt0bNEmneDIvdL1Xsd9oDQ/wrQRkXDT4AUWlNZNPKvW5x/jyO9VFXkJUP07vQ2upmw5PlaITaPKc31jK13V+jg==
  dependencies:
    ms "2.1.2"

isexe@^2.0.0:
  version "2.0.0"
  resolved "https://registry.yarnpkg.com/isexe/-/isexe-2.0.0.tgz#e8fbf374dc556ff8947a10dcb0572d633f2cfa10"
  integrity sha512-RHxMLp9lnKHGHRng9QFhRCMbYAcVpn69smSGcq3f36xjgVVWThj4qqLbTLlq7Ssj8B+fIQ1EuCEGI2lKsyQeIw==

json-parse-even-better-errors@^3.0.0:
  version "3.0.2"
  resolved "https://registry.yarnpkg.com/json-parse-even-better-errors/-/json-parse-even-better-errors-3.0.2.tgz#b43d35e89c0f3be6b5fbbe9dc6c82467b30c28da"
  integrity sha512-fi0NG4bPjCHunUJffmLd0gxssIgkNmArMvis4iNah6Owg1MCJjWhEcDLmsK6iGkJq3tHwbDkTlce70/tmXN4cQ==

memorystream@^0.3.1:
  version "0.3.1"
  resolved "https://registry.yarnpkg.com/memorystream/-/memorystream-0.3.1.tgz#86d7090b30ce455d63fbae12dda51a47ddcaf9b2"
  integrity sha512-S3UwM3yj5mtUSEfP41UZmt/0SCoVYUcU1rkXv+BQ5Ig8ndL4sPoJNBUJERafdPb5jjHJGuMgytgKvKIf58XNBw==

minimatch@^9.0.0:
  version "9.0.4"
  resolved "https://registry.yarnpkg.com/minimatch/-/minimatch-9.0.4.tgz#8e49c731d1749cbec05050ee5145147b32496a51"
  integrity sha512-KqWh+VchfxcMNRAJjj2tnsSJdNbHsVgnkBhTNrW7AjVo6OvLtxw8zfT9oLw1JSohlFzJ8jCoTgaoXvJ+kHt6fw==
  dependencies:
    brace-expansion "^2.0.1"

ms@2.1.2:
  version "2.1.2"
  resolved "https://registry.yarnpkg.com/ms/-/ms-2.1.2.tgz#d09d1f357b443f493382a8eb3ccd183872ae6009"
  integrity sha512-sGkPx+VjMtmA6MX27oA4FBFELFCZZ4S4XqeGOXCv68tT+jb3vk/RyaKWP0PTKyWtmLSM0b+adUTEvbs1PEaH2w==

npm-normalize-package-bin@^3.0.0:
  version "3.0.1"
  resolved "https://registry.yarnpkg.com/npm-normalize-package-bin/-/npm-normalize-package-bin-3.0.1.tgz#25447e32a9a7de1f51362c61a559233b89947832"
  integrity sha512-dMxCf+zZ+3zeQZXKxmyuCKlIDPGuv8EF940xbkC4kQVDTtqoh6rJFO+JTKSA6/Rwi0getWmtuy4Itup0AMcaDQ==

npm-run-all2@^6.0.0:
  version "6.2.0"
  resolved "https://registry.yarnpkg.com/npm-run-all2/-/npm-run-all2-6.2.0.tgz#ac0a893a593e1ab3ef85c5ac3526321d2e3137bd"
  integrity sha512-wA7yVIkthe6qJBfiJ2g6aweaaRlw72itsFGF6HuwCHKwtwAx/4BY1vVpk6bw6lS8RLMsexoasOkd0aYOmsFG7Q==
  dependencies:
    ansi-styles "^6.2.1"
    cross-spawn "^7.0.3"
    memorystream "^0.3.1"
    minimatch "^9.0.0"
    pidtree "^0.6.0"
    read-package-json-fast "^3.0.2"
    shell-quote "^1.7.3"

path-key@^3.1.0:
  version "3.1.1"
  resolved "https://registry.yarnpkg.com/path-key/-/path-key-3.1.1.tgz#581f6ade658cbba65a0d3380de7753295054f375"
  integrity sha512-ojmeN0qd+y0jszEtoY48r0Peq5dwMEkIlCOu6Q5f41lfkswXuKtYrhgoTpLnyIcHm24Uhqx+5Tqm2InSwLhE6Q==

pidtree@^0.6.0:
  version "0.6.0"
  resolved "https://registry.yarnpkg.com/pidtree/-/pidtree-0.6.0.tgz#90ad7b6d42d5841e69e0a2419ef38f8883aa057c"
  integrity sha512-eG2dWTVw5bzqGRztnHExczNxt5VGsE6OwTeCG3fdUf9KBsZzO3R5OIIIzWR+iZA0NtZ+RDVdaoE2dK1cn6jH4g==

pirates@^4.0.6:
  version "4.0.6"
  resolved "https://registry.yarnpkg.com/pirates/-/pirates-4.0.6.tgz#3018ae32ecfcff6c29ba2267cbf21166ac1f36b9"
  integrity sha512-saLsH7WeYYPiD25LDuLRRY/i+6HaPYr6G1OUlN39otzkSTxKnubR9RTxS3/Kk50s1g2JTgFwWQDQyplC5/SHZg==

prettier@^3.0.3:
  version "3.3.2"
  resolved "https://registry.yarnpkg.com/prettier/-/prettier-3.3.2.tgz#03ff86dc7c835f2d2559ee76876a3914cec4a90a"
  integrity sha512-rAVeHYMcv8ATV5d508CFdn+8/pHPpXeIid1DdrPwXnaAdH7cqjVbpJaT5eq4yRAFU/lsbwYwSF/n5iNrdJHPQA==

read-package-json-fast@^3.0.2:
  version "3.0.2"
  resolved "https://registry.yarnpkg.com/read-package-json-fast/-/read-package-json-fast-3.0.2.tgz#394908a9725dc7a5f14e70c8e7556dff1d2b1049"
  integrity sha512-0J+Msgym3vrLOUB3hzQCuZHII0xkNGCtz/HJH9xZshwv9DbDwkw1KaE3gx/e2J5rpEY5rtOy6cyhKOPrkP7FZw==
  dependencies:
    json-parse-even-better-errors "^3.0.0"
    npm-normalize-package-bin "^3.0.0"

shebang-command@^2.0.0:
  version "2.0.0"
  resolved "https://registry.yarnpkg.com/shebang-command/-/shebang-command-2.0.0.tgz#ccd0af4f8835fbdc265b82461aaf0c36663f34ea"
  integrity sha512-kHxr2zZpYtdmrN1qDjrrX/Z1rR1kG8Dx+gkpK1G4eXmvXswmcE1hTWBWYUzlraYw1/yZp6YuDY77YtvbN0dmDA==
  dependencies:
    shebang-regex "^3.0.0"

shebang-regex@^3.0.0:
  version "3.0.0"
  resolved "https://registry.yarnpkg.com/shebang-regex/-/shebang-regex-3.0.0.tgz#ae16f1644d873ecad843b0307b143362d4c42172"
  integrity sha512-7++dFhtcx3353uBaq8DDR4NuxBetBzC7ZQOhmTQInHEd6bSrXdiEyzCvG07Z44UYdLShWUyXt5M/yhz8ekcb1A==

shell-quote@^1.7.3:
  version "1.8.1"
  resolved "https://registry.yarnpkg.com/shell-quote/-/shell-quote-1.8.1.tgz#6dbf4db75515ad5bac63b4f1894c3a154c766680"
  integrity sha512-6j1W9l1iAs/4xYBI1SYOVZyFcCis9b4KCLQ8fgAGG07QvzaRLVVRQvAy85yNmmZSjYjg4MWh4gNvlPujU/5LpA==

source-map-support@^0.5.21:
  version "0.5.21"
  resolved "https://registry.yarnpkg.com/source-map-support/-/source-map-support-0.5.21.tgz#04fe7c7f9e1ed2d662233c28cb2b35b9f63f6e4f"
  integrity sha512-uBHU3L3czsIyYXKX88fdrGovxdSCoTGDRZ6SYXtSRxLZUzHg5P/66Ht6uoUlHu9EZod+inXhKo3qQgwXUT/y1w==
  dependencies:
    buffer-from "^1.0.0"
    source-map "^0.6.0"

source-map@^0.6.0:
  version "0.6.1"
  resolved "https://registry.yarnpkg.com/source-map/-/source-map-0.6.1.tgz#74722af32e9614e9c287a8d0bbde48b5e2f1a263"
  integrity sha512-UjgapumWlbMhkBgzT7Ykc5YXUT46F0iKu8SGXq0bcwP5dz/h0Plj6enJqjz1Zbq2l5WaqYnrVbwWOWMyF3F47g==

tslib@^2.6.2:
  version "2.6.3"
  resolved "https://registry.yarnpkg.com/tslib/-/tslib-2.6.3.tgz#0438f810ad7a9edcde7a241c3d80db693c8cbfe0"
  integrity sha512-xNvxJEOUiWPGhUuUdQgAJPKOOJfGnIyKySOc09XkKsgdUV/3E2zvwZYdejjmRgPCgcym1juLH3226yA7sEFJKQ==

typescript@^5.2.2:
  version "5.4.5"
  resolved "https://registry.yarnpkg.com/typescript/-/typescript-5.4.5.tgz#42ccef2c571fdbd0f6718b1d1f5e6e5ef006f611"
  integrity sha512-vcI4UpRgg81oIRUFwR0WSIHKt11nJ7SAVlYNIu+QpqeyXP+gpQJy/Z4+F0aGxSE4MqwjyXvW/TzgkLAx2AGHwQ==

which@^2.0.1:
  version "2.0.2"
  resolved "https://registry.yarnpkg.com/which/-/which-2.0.2.tgz#7c6a8dd0a636a0327e10b59c9286eee93f3f51b1"
  integrity sha512-BLI3Tl1TW3Pvl70l3yq3Y64i+awpwXqsGBYWkkqMtnbXgrMD+yj7rhW0kuEDxzJaYXGjEW5ogapKNMEKNMjibA==
  dependencies:
    isexe "^2.0.0"
